
Microsoft Visual Studio Solution File, Format Version 12.00
# Visual Studio Version 16
VisualStudioVersion = 16.0.29709.97
MinimumVisualStudioVersion = 10.0.40219.1
Project("{FAE04EC0-301F-11D3-BF4B-00C04F79EFBC}") = "SqlQueryInsert", "SqlQueryinsert\SqlQueryInsert.csproj", "{EC1B94D9-BB43-42F6-B1BE-1E93548933B8}"
EndProject
Global
	GlobalSection(SolutionConfigurationPlatforms) = preSolution
		Debug|Any CPU = Debug|Any CPU
		Release|Any CPU = Release|Any CPU
	EndGlobalSection
	GlobalSection(ProjectConfigurationPlatforms) = postSolution
		{EC1B94D9-BB43-42F6-B1BE-1E93548933B8}.Debug|Any CPU.ActiveCfg = Debug|Any CPU
		{EC1B94D9-BB43-42F6-B1BE-1E93548933B8}.Debug|Any CPU.Build.0 = Debug|Any CPU
		{EC1B94D9-BB43-42F6-B1BE-1E93548933B8}.Release|Any CPU.ActiveCfg = Release|Any CPU
		{EC1B94D9-BB43-42F6-B1BE-1E93548933B8}.Release|Any CPU.Build.0 = Release|Any CPU
	EndGlobalSection
	GlobalSection(SolutionProperties) = preSolution
		HideSolutionNode = FALSE
	EndGlobalSection
	GlobalSection(ExtensibilityGlobals) = postSolution
		SolutionGuid = {876313A2-2A65-4449-80AA-3F0B9240891C}
	EndGlobalSection
EndGlobal
